
Microsoft Visual Studio Solution File, Format Version 11.00
# Visual C++ Express 2010
Project("{8BC9CEB8-8B4A-11D0-8D11-00A0C91BC942}") = "kinect-ultra", "kinect-ultra.vcxproj", "{1A7D11B3-FABC-4CED-A533-E40E593DFD0B}"
EndProject
Global
	GlobalSection(SolutionConfigurationPlatforms) = preSolution
		MSSDK_Debug|Win32 = MSSDK_Debug|Win32
		MSSDK_Release|Win32 = MSSDK_Release|Win32
		OpenNI_Debug|Win32 = OpenNI_Debug|Win32
		OpenNI_Release|Win32 = OpenNI_Release|Win32
		OpenNI2_Debug|Win32 = OpenNI2_Debug|Win32
		OpenNI2_Release|Win32 = OpenNI2_Release|Win32
	EndGlobalSection
	GlobalSection(ProjectConfigurationPlatforms) = postSolution
		{1A7D11B3-FABC-4CED-A533-E40E593DFD0B}.MSSDK_Debug|Win32.ActiveCfg = MSSDK_Debug|Win32
		{1A7D11B3-FABC-4CED-A533-E40E593DFD0B}.MSSDK_Debug|Win32.Build.0 = MSSDK_Debug|Win32
		{1A7D11B3-FABC-4CED-A533-E40E593DFD0B}.MSSDK_Release|Win32.ActiveCfg = MSSDK_Release|Win32
		{1A7D11B3-FABC-4CED-A533-E40E593DFD0B}.MSSDK_Release|Win32.Build.0 = MSSDK_Release|Win32
		{1A7D11B3-FABC-4CED-A533-E40E593DFD0B}.OpenNI_Debug|Win32.ActiveCfg = OpenNI_Debug|Win32
		{1A7D11B3-FABC-4CED-A533-E40E593DFD0B}.OpenNI_Debug|Win32.Build.0 = OpenNI_Debug|Win32
		{1A7D11B3-FABC-4CED-A533-E40E593DFD0B}.OpenNI_Release|Win32.ActiveCfg = OpenNI_Release|Win32
		{1A7D11B3-FABC-4CED-A533-E40E593DFD0B}.OpenNI_Release|Win32.Build.0 = OpenNI_Release|Win32
		{1A7D11B3-FABC-4CED-A533-E40E593DFD0B}.OpenNI2_Debug|Win32.ActiveCfg = OpenNI2_Debug|Win32
		{1A7D11B3-FABC-4CED-A533-E40E593DFD0B}.OpenNI2_Debug|Win32.Build.0 = OpenNI2_Debug|Win32
		{1A7D11B3-FABC-4CED-A533-E40E593DFD0B}.OpenNI2_Release|Win32.ActiveCfg = OpenNI2_Release|Win32
		{1A7D11B3-FABC-4CED-A533-E40E593DFD0B}.OpenNI2_Release|Win32.Build.0 = OpenNI2_Release|Win32
	EndGlobalSection
	GlobalSection(SolutionProperties) = preSolution
		HideSolutionNode = FALSE
	EndGlobalSection
EndGlobal
